{
  "name": "blog3.0",
  "version": "1.0.0",
  "lockfileVersion": 1,
  "requires": true,
  "dependencies": {
    "@mdi/js": {
      "version": "5.9.55",
      "resolved": "https://registry.npmjs.org/@mdi/js/-/js-5.9.55.tgz",
      "integrity": "sha512-BbeHMgeK2/vjdJIRnx12wvQ6s8xAYfvMmEAVsUx9b+7GiQGQ9Za8jpwp17dMKr9CgKRvemlAM4S7S3QOtEbp4A=="
    }
  }
}
