{
  "requires": true,
  "lockfileVersion": 1,
  "dependencies": {
    "@mdi/font": {
      "version": "6.5.95",
      "resolved": "https://registry.npmjs.org/@mdi/font/-/font-6.5.95.tgz",
      "integrity": "sha512-ES5rj6J39FUkHe/b3C9SJs8bqIungYhuU7rBINTBaHOv/Ce4RCb3Gw08CZVl32W33UEkgRkzyWaIedV4at+QHg==",
      "dev": true
    },
    "vuetify": {
      "version": "3.0.0-alpha.12",
      "resolved": "https://registry.npmjs.org/vuetify/-/vuetify-3.0.0-alpha.12.tgz",
      "integrity": "sha512-F9TwV3Xk6J/bSH422kATrKeIiumGRkzGJPsvM0/8vPwYF0HWh7dHRhhYsIKkfhl5UJl/LYdeGNm1L8+jtldA0w=="
    }
  }
}
